
Microsoft Visual Studio Solution File, Format Version 12.00
# Visual Studio Version 17
VisualStudioVersion = 17.5.002.0
MinimumVisualStudioVersion = 10.0.40219.1
Project("{9A19103F-16F7-4668-BE54-9A1E7A4F7556}") = "DesafioFundamentos", "DesafioFundamentos\DesafioFundamentos.csproj", "{7799EC55-7C84-4AB4-AFE7-A17688C156FB}"
EndProject
Global
	GlobalSection(SolutionConfigurationPlatforms) = preSolution
		Debug|Any CPU = Debug|Any CPU
		Release|Any CPU = Release|Any CPU
	EndGlobalSection
	GlobalSection(ProjectConfigurationPlatforms) = postSolution
		{7799EC55-7C84-4AB4-AFE7-A17688C156FB}.Debug|Any CPU.ActiveCfg = Debug|Any CPU
		{7799EC55-7C84-4AB4-AFE7-A17688C156FB}.Debug|Any CPU.Build.0 = Debug|Any CPU
		{7799EC55-7C84-4AB4-AFE7-A17688C156FB}.Release|Any CPU.ActiveCfg = Release|Any CPU
		{7799EC55-7C84-4AB4-AFE7-A17688C156FB}.Release|Any CPU.Build.0 = Release|Any CPU
	EndGlobalSection
	GlobalSection(SolutionProperties) = preSolution
		HideSolutionNode = FALSE
	EndGlobalSection
	GlobalSection(ExtensibilityGlobals) = postSolution
		SolutionGuid = {4FC54D62-2C27-4D84-BE7B-88DE554A3310}
	EndGlobalSection
EndGlobal
